
Microsoft Visual Studio Solution File, Format Version 12.00
# Visual Studio 2013
VisualStudioVersion = 12.0.30110.0
MinimumVisualStudioVersion = 10.0.40219.1
Project("{FAE04EC0-301F-11D3-BF4B-00C04F79EFBC}") = "MbUtils", "MbUtils\MbUtils.csproj", "{1D2B2E7A-0F93-475D-A2E0-9B692A797DBF}"
EndProject
Project("{FAE04EC0-301F-11D3-BF4B-00C04F79EFBC}") = "MbUtils.Progressbar", "MbUtils.Progressbar\MbUtils.Progressbar.csproj", "{331D54E6-34BF-4CAF-BDC1-7DD30463DEB5}"
EndProject
Project("{FAE04EC0-301F-11D3-BF4B-00C04F79EFBC}") = "MbUils.Updater", "MbUils.Updater\MbUils.Updater.csproj", "{F41D3564-B44D-410C-946A-18E72EED1FD1}"
EndProject
Global
	GlobalSection(SolutionConfigurationPlatforms) = preSolution
		Debug|Any CPU = Debug|Any CPU
		Debug|Mixed Platforms = Debug|Mixed Platforms
		Debug|x86 = Debug|x86
		Release|Any CPU = Release|Any CPU
		Release|Mixed Platforms = Release|Mixed Platforms
		Release|x86 = Release|x86
	EndGlobalSection
	GlobalSection(ProjectConfigurationPlatforms) = postSolution
		{1D2B2E7A-0F93-475D-A2E0-9B692A797DBF}.Debug|Any CPU.ActiveCfg = Debug|Any CPU
		{1D2B2E7A-0F93-475D-A2E0-9B692A797DBF}.Debug|Any CPU.Build.0 = Debug|Any CPU
		{1D2B2E7A-0F93-475D-A2E0-9B692A797DBF}.Debug|Mixed Platforms.ActiveCfg = Debug|Any CPU
		{1D2B2E7A-0F93-475D-A2E0-9B692A797DBF}.Debug|Mixed Platforms.Build.0 = Debug|Any CPU
		{1D2B2E7A-0F93-475D-A2E0-9B692A797DBF}.Debug|x86.ActiveCfg = Debug|Any CPU
		{1D2B2E7A-0F93-475D-A2E0-9B692A797DBF}.Release|Any CPU.ActiveCfg = Release|Any CPU
		{1D2B2E7A-0F93-475D-A2E0-9B692A797DBF}.Release|Any CPU.Build.0 = Release|Any CPU
		{1D2B2E7A-0F93-475D-A2E0-9B692A797DBF}.Release|Mixed Platforms.ActiveCfg = Release|Any CPU
		{1D2B2E7A-0F93-475D-A2E0-9B692A797DBF}.Release|Mixed Platforms.Build.0 = Release|Any CPU
		{1D2B2E7A-0F93-475D-A2E0-9B692A797DBF}.Release|x86.ActiveCfg = Release|Any CPU
		{331D54E6-34BF-4CAF-BDC1-7DD30463DEB5}.Debug|Any CPU.ActiveCfg = Debug|Any CPU
		{331D54E6-34BF-4CAF-BDC1-7DD30463DEB5}.Debug|Any CPU.Build.0 = Debug|Any CPU
		{331D54E6-34BF-4CAF-BDC1-7DD30463DEB5}.Debug|Mixed Platforms.ActiveCfg = Debug|Any CPU
		{331D54E6-34BF-4CAF-BDC1-7DD30463DEB5}.Debug|Mixed Platforms.Build.0 = Debug|Any CPU
		{331D54E6-34BF-4CAF-BDC1-7DD30463DEB5}.Debug|x86.ActiveCfg = Debug|Any CPU
		{331D54E6-34BF-4CAF-BDC1-7DD30463DEB5}.Release|Any CPU.ActiveCfg = Release|Any CPU
		{331D54E6-34BF-4CAF-BDC1-7DD30463DEB5}.Release|Any CPU.Build.0 = Release|Any CPU
		{331D54E6-34BF-4CAF-BDC1-7DD30463DEB5}.Release|Mixed Platforms.ActiveCfg = Release|Any CPU
		{331D54E6-34BF-4CAF-BDC1-7DD30463DEB5}.Release|Mixed Platforms.Build.0 = Release|Any CPU
		{331D54E6-34BF-4CAF-BDC1-7DD30463DEB5}.Release|x86.ActiveCfg = Release|Any CPU
		{F41D3564-B44D-410C-946A-18E72EED1FD1}.Debug|Any CPU.ActiveCfg = Debug|Any CPU
		{F41D3564-B44D-410C-946A-18E72EED1FD1}.Debug|Any CPU.Build.0 = Debug|Any CPU
		{F41D3564-B44D-410C-946A-18E72EED1FD1}.Debug|Mixed Platforms.ActiveCfg = Debug|Any CPU
		{F41D3564-B44D-410C-946A-18E72EED1FD1}.Debug|Mixed Platforms.Build.0 = Debug|Any CPU
		{F41D3564-B44D-410C-946A-18E72EED1FD1}.Debug|x86.ActiveCfg = Debug|Any CPU
		{F41D3564-B44D-410C-946A-18E72EED1FD1}.Release|Any CPU.ActiveCfg = Release|Any CPU
		{F41D3564-B44D-410C-946A-18E72EED1FD1}.Release|Any CPU.Build.0 = Release|Any CPU
		{F41D3564-B44D-410C-946A-18E72EED1FD1}.Release|Mixed Platforms.ActiveCfg = Release|Any CPU
		{F41D3564-B44D-410C-946A-18E72EED1FD1}.Release|Mixed Platforms.Build.0 = Release|Any CPU
		{F41D3564-B44D-410C-946A-18E72EED1FD1}.Release|x86.ActiveCfg = Release|Any CPU
	EndGlobalSection
	GlobalSection(SolutionProperties) = preSolution
		HideSolutionNode = FALSE
	EndGlobalSection
EndGlobal
